
Microsoft Visual Studio Solution File, Format Version 12.00
# Visual Studio 2012
Project("{FAE04EC0-301F-11D3-BF4B-00C04F79EFBC}") = "GMAPStaion", "GMAPStaion.csproj", "{C9DDE0A3-C6D7-45F8-9777-1B01B1D2E52D}"
EndProject
Global
	GlobalSection(SolutionConfigurationPlatforms) = preSolution
		Debug|Any CPU = Debug|Any CPU
		Release|Any CPU = Release|Any CPU
	EndGlobalSection
	GlobalSection(ProjectConfigurationPlatforms) = postSolution
		{C9DDE0A3-C6D7-45F8-9777-1B01B1D2E52D}.Debug|Any CPU.ActiveCfg = Debug|Any CPU
		{C9DDE0A3-C6D7-45F8-9777-1B01B1D2E52D}.Debug|Any CPU.Build.0 = Debug|Any CPU
		{C9DDE0A3-C6D7-45F8-9777-1B01B1D2E52D}.Release|Any CPU.ActiveCfg = Release|Any CPU
		{C9DDE0A3-C6D7-45F8-9777-1B01B1D2E52D}.Release|Any CPU.Build.0 = Release|Any CPU
	EndGlobalSection
	GlobalSection(SolutionProperties) = preSolution
		HideSolutionNode = FALSE
	EndGlobalSection
EndGlobal
